Microsoft Visual Studio Solution File, Format Version 12.00
# Visual Studio 2012
Project("{FAE04EC0-301F-11D3-BF4B-00C04F79EFBC}") = "SaveStates", "SaveStates.csproj", "{9F88B409-3EB6-4908-9136-EB72514BE66F}"
EndProject
Global
	GlobalSection(SolutionConfigurationPlatforms) = preSolution
	Debug|Any CPU = Debug|Any CPU
	Release|Any CPU = Release|Any CPU
	Tools|Any CPU = Tools|Any CPU
	EndGlobalSection
	GlobalSection(ProjectConfigurationPlatforms) = postSolution
		{9F88B409-3EB6-4908-9136-EB72514BE66F}.Debug|Any CPU.ActiveCfg = Debug|Any CPU
		{9F88B409-3EB6-4908-9136-EB72514BE66F}.Debug|Any CPU.Build.0 = Debug|Any CPU
		{9F88B409-3EB6-4908-9136-EB72514BE66F}.Release|Any CPU.ActiveCfg = Release|Any CPU
		{9F88B409-3EB6-4908-9136-EB72514BE66F}.Release|Any CPU.Build.0 = Release|Any CPU
		{9F88B409-3EB6-4908-9136-EB72514BE66F}.Tools|Any CPU.ActiveCfg = Tools|Any CPU
		{9F88B409-3EB6-4908-9136-EB72514BE66F}.Tools|Any CPU.Build.0 = Tools|Any CPU
	EndGlobalSection
EndGlobal
